
Microsoft Visual Studio Solution File, Format Version 12.00
# Visual Studio 2013
VisualStudioVersion = 12.0.21005.1
MinimumVisualStudioVersion = 10.0.40219.1
Project("{FAE04EC0-301F-11D3-BF4B-00C04F79EFBC}") = "ASP.Net_Skills.Web", "ASP.Net_Skills\ASP.Net_Skills.Web.csproj", "{7A1677C8-E6CE-4FBD-B23A-356772FD9596}"
EndProject
Project("{FAE04EC0-301F-11D3-BF4B-00C04F79EFBC}") = "MongoDemo.Web", "MongoDemo\MongoDemo.Web.csproj", "{C4DDEEE8-9F6D-4F1D-B19A-84ED561097F9}"
EndProject
Project("{FAE04EC0-301F-11D3-BF4B-00C04F79EFBC}") = "ASP.Net_Skills.Common", "ASP.Net_Skills.Common\ASP.Net_Skills.Common.csproj", "{4A9B4DAC-93FB-42A3-9FDF-DB68BFFE6797}"
EndProject
Global
	GlobalSection(SolutionConfigurationPlatforms) = preSolution
		Debug|Any CPU = Debug|Any CPU
		Release|Any CPU = Release|Any CPU
	EndGlobalSection
	GlobalSection(ProjectConfigurationPlatforms) = postSolution
		{7A1677C8-E6CE-4FBD-B23A-356772FD9596}.Debug|Any CPU.ActiveCfg = Debug|Any CPU
		{7A1677C8-E6CE-4FBD-B23A-356772FD9596}.Debug|Any CPU.Build.0 = Debug|Any CPU
		{7A1677C8-E6CE-4FBD-B23A-356772FD9596}.Release|Any CPU.ActiveCfg = Release|Any CPU
		{7A1677C8-E6CE-4FBD-B23A-356772FD9596}.Release|Any CPU.Build.0 = Release|Any CPU
		{C4DDEEE8-9F6D-4F1D-B19A-84ED561097F9}.Debug|Any CPU.ActiveCfg = Debug|Any CPU
		{C4DDEEE8-9F6D-4F1D-B19A-84ED561097F9}.Debug|Any CPU.Build.0 = Debug|Any CPU
		{C4DDEEE8-9F6D-4F1D-B19A-84ED561097F9}.Release|Any CPU.ActiveCfg = Release|Any CPU
		{C4DDEEE8-9F6D-4F1D-B19A-84ED561097F9}.Release|Any CPU.Build.0 = Release|Any CPU
		{4A9B4DAC-93FB-42A3-9FDF-DB68BFFE6797}.Debug|Any CPU.ActiveCfg = Debug|Any CPU
		{4A9B4DAC-93FB-42A3-9FDF-DB68BFFE6797}.Debug|Any CPU.Build.0 = Debug|Any CPU
		{4A9B4DAC-93FB-42A3-9FDF-DB68BFFE6797}.Release|Any CPU.ActiveCfg = Release|Any CPU
		{4A9B4DAC-93FB-42A3-9FDF-DB68BFFE6797}.Release|Any CPU.Build.0 = Release|Any CPU
	EndGlobalSection
	GlobalSection(SolutionProperties) = preSolution
		HideSolutionNode = FALSE
	EndGlobalSection
EndGlobal
